
Microsoft Visual Studio Solution File, Format Version 12.00
# Visual Studio Version 17
VisualStudioVersion = 17.8.34330.188
MinimumVisualStudioVersion = 10.0.40219.1
Project("{FAE04EC0-301F-11D3-BF4B-00C04F79EFBC}") = "LzD_StationsCustomRanges", "LzD_StationsCustomRanges\LzD_StationsCustomRanges.csproj", "{4E5CA6F5-3AF3-4CAA-95B6-2F8932E2492E}"
EndProject
Global
	GlobalSection(SolutionConfigurationPlatforms) = preSolution
		Debug|Any CPU = Debug|Any CPU
		Release|Any CPU = Release|Any CPU
	EndGlobalSection
	GlobalSection(ProjectConfigurationPlatforms) = postSolution
		{4E5CA6F5-3AF3-4CAA-95B6-2F8932E2492E}.Debug|Any CPU.ActiveCfg = Debug|Any CPU
		{4E5CA6F5-3AF3-4CAA-95B6-2F8932E2492E}.Debug|Any CPU.Build.0 = Debug|Any CPU
		{4E5CA6F5-3AF3-4CAA-95B6-2F8932E2492E}.Release|Any CPU.ActiveCfg = Release|Any CPU
		{4E5CA6F5-3AF3-4CAA-95B6-2F8932E2492E}.Release|Any CPU.Build.0 = Release|Any CPU
	EndGlobalSection
	GlobalSection(SolutionProperties) = preSolution
		HideSolutionNode = FALSE
	EndGlobalSection
	GlobalSection(ExtensibilityGlobals) = postSolution
		SolutionGuid = {3CB240C5-2494-4457-938F-E3B0D278FD6A}
	EndGlobalSection
EndGlobal
